
Microsoft Visual Studio Solution File, Format Version 12.00
# Visual Studio Version 16
VisualStudioVersion = 16.0.31702.278
MinimumVisualStudioVersion = 10.0.40219.1
Project("{9A19103F-16F7-4668-BE54-9A1E7A4F7556}") = "Anathema.Vectors.Benchmarks", "Anathema.Vectors.Benchmarks\Anathema.Vectors.Benchmarks.csproj", "{4E27C50C-0CC9-49E2-B730-977A57F039C5}"
EndProject
Project("{9A19103F-16F7-4668-BE54-9A1E7A4F7556}") = "Anathema.Vectors.Benchmarks.WinForms", "Anathema.Vectors.Benchmarks.WinForms\Anathema.Vectors.Benchmarks.WinForms.csproj", "{7CB11FCB-E956-4CA6-B7A4-954BD998CA57}"
EndProject
Project("{9A19103F-16F7-4668-BE54-9A1E7A4F7556}") = "Anathema.Vectors.Core", "Anathema.Vectors.Core\Anathema.Vectors.Core.csproj", "{B1576CC4-D8EF-4871-AE47-E49F618BEF56}"
EndProject
Project("{9A19103F-16F7-4668-BE54-9A1E7A4F7556}") = "Anathema.Vectors.Tests", "Anathema.Vectors.Tests\Anathema.Vectors.Tests.csproj", "{9C62F302-9AAB-44DE-B992-AE5865DD2F36}"
EndProject
Global
	GlobalSection(SolutionConfigurationPlatforms) = preSolution
		Debug|Any CPU = Debug|Any CPU
		Release|Any CPU = Release|Any CPU
	EndGlobalSection
	GlobalSection(ProjectConfigurationPlatforms) = postSolution
		{4E27C50C-0CC9-49E2-B730-977A57F039C5}.Debug|Any CPU.ActiveCfg = Debug|Any CPU
		{4E27C50C-0CC9-49E2-B730-977A57F039C5}.Debug|Any CPU.Build.0 = Debug|Any CPU
		{4E27C50C-0CC9-49E2-B730-977A57F039C5}.Release|Any CPU.ActiveCfg = Release|Any CPU
		{4E27C50C-0CC9-49E2-B730-977A57F039C5}.Release|Any CPU.Build.0 = Release|Any CPU
		{7CB11FCB-E956-4CA6-B7A4-954BD998CA57}.Debug|Any CPU.ActiveCfg = Debug|Any CPU
		{7CB11FCB-E956-4CA6-B7A4-954BD998CA57}.Debug|Any CPU.Build.0 = Debug|Any CPU
		{7CB11FCB-E956-4CA6-B7A4-954BD998CA57}.Release|Any CPU.ActiveCfg = Release|Any CPU
		{7CB11FCB-E956-4CA6-B7A4-954BD998CA57}.Release|Any CPU.Build.0 = Release|Any CPU
		{B1576CC4-D8EF-4871-AE47-E49F618BEF56}.Debug|Any CPU.ActiveCfg = Debug|Any CPU
		{B1576CC4-D8EF-4871-AE47-E49F618BEF56}.Debug|Any CPU.Build.0 = Debug|Any CPU
		{B1576CC4-D8EF-4871-AE47-E49F618BEF56}.Release|Any CPU.ActiveCfg = Release|Any CPU
		{B1576CC4-D8EF-4871-AE47-E49F618BEF56}.Release|Any CPU.Build.0 = Release|Any CPU
		{9C62F302-9AAB-44DE-B992-AE5865DD2F36}.Debug|Any CPU.ActiveCfg = Debug|Any CPU
		{9C62F302-9AAB-44DE-B992-AE5865DD2F36}.Debug|Any CPU.Build.0 = Debug|Any CPU
		{9C62F302-9AAB-44DE-B992-AE5865DD2F36}.Release|Any CPU.ActiveCfg = Release|Any CPU
		{9C62F302-9AAB-44DE-B992-AE5865DD2F36}.Release|Any CPU.Build.0 = Release|Any CPU
	EndGlobalSection
	GlobalSection(SolutionProperties) = preSolution
		HideSolutionNode = FALSE
	EndGlobalSection
	GlobalSection(ExtensibilityGlobals) = postSolution
		SolutionGuid = {1145596B-8911-49DB-9048-8B989C6333C5}
	EndGlobalSection
EndGlobal
